
Microsoft Visual Studio Solution File, Format Version 12.00
# Visual Studio 15
VisualStudioVersion = 15.0.28307.489
MinimumVisualStudioVersion = 10.0.40219.1
Project("{2150E333-8FDC-42A3-9474-1A3956D46DE8}") = "src", "src", "{EFA86EF5-C5C2-49BA-8065-5E87A1B8990F}"
EndProject
Project("{2150E333-8FDC-42A3-9474-1A3956D46DE8}") = "Services", "Services", "{F7B78496-BC54-4C11-B153-DB0606A5BCA2}"
EndProject
Project("{2150E333-8FDC-42A3-9474-1A3956D46DE8}") = "Web Apps", "Web Apps", "{159B9068-C599-421D-B647-BDA4521EFBD7}"
EndProject
Project("{9A19103F-16F7-4668-BE54-9A1E7A4F7556}") = "Equipment.API", "src\Services\Equipment\Equipment.API\Equipment.API.csproj", "{F0224931-3E84-4FC9-81AE-DE23D540FFB8}"
EndProject
Project("{2150E333-8FDC-42A3-9474-1A3956D46DE8}") = "SharedKernel", "SharedKernel", "{45114F5D-7E65-4833-8F61-558729446677}"
EndProject
Project("{9A19103F-16F7-4668-BE54-9A1E7A4F7556}") = "SharedKernel", "src\Services\SharedKernel\SharedKernel.csproj", "{4848A7D9-68E0-4515-8426-883110313727}"
EndProject
Project("{9A19103F-16F7-4668-BE54-9A1E7A4F7556}") = "Equipment.Domain", "src\Services\Equipment\Equipment.Domain\Equipment.Domain.csproj", "{183E9A20-DAF5-480F-BBA2-74A0ACAC211C}"
EndProject
Project("{9A19103F-16F7-4668-BE54-9A1E7A4F7556}") = "Equipment.Infrastructure", "src\Services\Equipment\Equipment.Infrastructure\Equipment.Infrastructure.csproj", "{BDDC417F-8A85-48E4-9C4E-7E050ACF80B5}"
EndProject
Project("{2150E333-8FDC-42A3-9474-1A3956D46DE8}") = "Equipment", "Equipment", "{EABC719F-11C9-4E11-B960-C155D2A88D4F}"
EndProject
Project("{9A19103F-16F7-4668-BE54-9A1E7A4F7556}") = "Equipment.Application", "src\Services\Equipment\Equipment.Application\Equipment.Application.csproj", "{ED395B8D-46A5-47F1-9261-03358E48A623}"
EndProject
Project("{2150E333-8FDC-42A3-9474-1A3956D46DE8}") = "test", "test", "{8D8C35E4-98C9-4145-A116-48B9431CD2CF}"
EndProject
Project("{9A19103F-16F7-4668-BE54-9A1E7A4F7556}") = "Equipment.UnitTests", "test\Equipment\Equipment.UnitTests\Equipment.UnitTests.csproj", "{F23CEFAC-2353-4053-9DF6-3B17D46D8DE4}"
EndProject
Project("{2150E333-8FDC-42A3-9474-1A3956D46DE8}") = "Solution Items", "Solution Items", "{441DC0AF-A2A9-4783-9892-207E71613830}"
EndProject
Project("{9A19103F-16F7-4668-BE54-9A1E7A4F7556}") = "GenericExtensions", "src\Services\GenericExtensions\GenericExtensions.csproj", "{2D4D8583-9906-4DCE-B690-EA74A18B2F34}"
EndProject
Project("{9A19103F-16F7-4668-BE54-9A1E7A4F7556}") = "SharedKernelES", "src\Services\SharedKernelES\SharedKernelES.csproj", "{AEA1EB55-48AF-4EA2-9462-82D104049137}"
EndProject
Project("{FAE04EC0-301F-11D3-BF4B-00C04F79EFBC}") = "Equipment.EventStore", "src\Services\Equipment\Equipment.EventStore\Equipment.EventStore.csproj", "{C6B388F8-7AF8-4BA0-904A-4A3DF8058437}"
EndProject
Global
	GlobalSection(SolutionConfigurationPlatforms) = preSolution
		Debug|Any CPU = Debug|Any CPU
		Release|Any CPU = Release|Any CPU
	EndGlobalSection
	GlobalSection(ProjectConfigurationPlatforms) = postSolution
		{F0224931-3E84-4FC9-81AE-DE23D540FFB8}.Debug|Any CPU.ActiveCfg = Debug|Any CPU
		{F0224931-3E84-4FC9-81AE-DE23D540FFB8}.Debug|Any CPU.Build.0 = Debug|Any CPU
		{F0224931-3E84-4FC9-81AE-DE23D540FFB8}.Release|Any CPU.ActiveCfg = Release|Any CPU
		{F0224931-3E84-4FC9-81AE-DE23D540FFB8}.Release|Any CPU.Build.0 = Release|Any CPU
		{4848A7D9-68E0-4515-8426-883110313727}.Debug|Any CPU.ActiveCfg = Debug|Any CPU
		{4848A7D9-68E0-4515-8426-883110313727}.Debug|Any CPU.Build.0 = Debug|Any CPU
		{4848A7D9-68E0-4515-8426-883110313727}.Release|Any CPU.ActiveCfg = Release|Any CPU
		{4848A7D9-68E0-4515-8426-883110313727}.Release|Any CPU.Build.0 = Release|Any CPU
		{183E9A20-DAF5-480F-BBA2-74A0ACAC211C}.Debug|Any CPU.ActiveCfg = Debug|Any CPU
		{183E9A20-DAF5-480F-BBA2-74A0ACAC211C}.Debug|Any CPU.Build.0 = Debug|Any CPU
		{183E9A20-DAF5-480F-BBA2-74A0ACAC211C}.Release|Any CPU.ActiveCfg = Release|Any CPU
		{183E9A20-DAF5-480F-BBA2-74A0ACAC211C}.Release|Any CPU.Build.0 = Release|Any CPU
		{BDDC417F-8A85-48E4-9C4E-7E050ACF80B5}.Debug|Any CPU.ActiveCfg = Debug|Any CPU
		{BDDC417F-8A85-48E4-9C4E-7E050ACF80B5}.Debug|Any CPU.Build.0 = Debug|Any CPU
		{BDDC417F-8A85-48E4-9C4E-7E050ACF80B5}.Release|Any CPU.ActiveCfg = Release|Any CPU
		{BDDC417F-8A85-48E4-9C4E-7E050ACF80B5}.Release|Any CPU.Build.0 = Release|Any CPU
		{ED395B8D-46A5-47F1-9261-03358E48A623}.Debug|Any CPU.ActiveCfg = Debug|Any CPU
		{ED395B8D-46A5-47F1-9261-03358E48A623}.Debug|Any CPU.Build.0 = Debug|Any CPU
		{ED395B8D-46A5-47F1-9261-03358E48A623}.Release|Any CPU.ActiveCfg = Release|Any CPU
		{ED395B8D-46A5-47F1-9261-03358E48A623}.Release|Any CPU.Build.0 = Release|Any CPU
		{F23CEFAC-2353-4053-9DF6-3B17D46D8DE4}.Debug|Any CPU.ActiveCfg = Debug|Any CPU
		{F23CEFAC-2353-4053-9DF6-3B17D46D8DE4}.Debug|Any CPU.Build.0 = Debug|Any CPU
		{F23CEFAC-2353-4053-9DF6-3B17D46D8DE4}.Release|Any CPU.ActiveCfg = Release|Any CPU
		{F23CEFAC-2353-4053-9DF6-3B17D46D8DE4}.Release|Any CPU.Build.0 = Release|Any CPU
		{2D4D8583-9906-4DCE-B690-EA74A18B2F34}.Debug|Any CPU.ActiveCfg = Debug|Any CPU
		{2D4D8583-9906-4DCE-B690-EA74A18B2F34}.Debug|Any CPU.Build.0 = Debug|Any CPU
		{2D4D8583-9906-4DCE-B690-EA74A18B2F34}.Release|Any CPU.ActiveCfg = Release|Any CPU
		{2D4D8583-9906-4DCE-B690-EA74A18B2F34}.Release|Any CPU.Build.0 = Release|Any CPU
		{AEA1EB55-48AF-4EA2-9462-82D104049137}.Debug|Any CPU.ActiveCfg = Debug|Any CPU
		{AEA1EB55-48AF-4EA2-9462-82D104049137}.Debug|Any CPU.Build.0 = Debug|Any CPU
		{AEA1EB55-48AF-4EA2-9462-82D104049137}.Release|Any CPU.ActiveCfg = Release|Any CPU
		{AEA1EB55-48AF-4EA2-9462-82D104049137}.Release|Any CPU.Build.0 = Release|Any CPU
		{C6B388F8-7AF8-4BA0-904A-4A3DF8058437}.Debug|Any CPU.ActiveCfg = Debug|Any CPU
		{C6B388F8-7AF8-4BA0-904A-4A3DF8058437}.Debug|Any CPU.Build.0 = Debug|Any CPU
		{C6B388F8-7AF8-4BA0-904A-4A3DF8058437}.Release|Any CPU.ActiveCfg = Release|Any CPU
		{C6B388F8-7AF8-4BA0-904A-4A3DF8058437}.Release|Any CPU.Build.0 = Release|Any CPU
	EndGlobalSection
	GlobalSection(SolutionProperties) = preSolution
		HideSolutionNode = FALSE
	EndGlobalSection
	GlobalSection(NestedProjects) = preSolution
		{F7B78496-BC54-4C11-B153-DB0606A5BCA2} = {EFA86EF5-C5C2-49BA-8065-5E87A1B8990F}
		{159B9068-C599-421D-B647-BDA4521EFBD7} = {EFA86EF5-C5C2-49BA-8065-5E87A1B8990F}
		{F0224931-3E84-4FC9-81AE-DE23D540FFB8} = {EABC719F-11C9-4E11-B960-C155D2A88D4F}
		{45114F5D-7E65-4833-8F61-558729446677} = {F7B78496-BC54-4C11-B153-DB0606A5BCA2}
		{4848A7D9-68E0-4515-8426-883110313727} = {45114F5D-7E65-4833-8F61-558729446677}
		{183E9A20-DAF5-480F-BBA2-74A0ACAC211C} = {EABC719F-11C9-4E11-B960-C155D2A88D4F}
		{BDDC417F-8A85-48E4-9C4E-7E050ACF80B5} = {EABC719F-11C9-4E11-B960-C155D2A88D4F}
		{EABC719F-11C9-4E11-B960-C155D2A88D4F} = {F7B78496-BC54-4C11-B153-DB0606A5BCA2}
		{ED395B8D-46A5-47F1-9261-03358E48A623} = {EABC719F-11C9-4E11-B960-C155D2A88D4F}
		{F23CEFAC-2353-4053-9DF6-3B17D46D8DE4} = {8D8C35E4-98C9-4145-A116-48B9431CD2CF}
		{2D4D8583-9906-4DCE-B690-EA74A18B2F34} = {45114F5D-7E65-4833-8F61-558729446677}
		{AEA1EB55-48AF-4EA2-9462-82D104049137} = {45114F5D-7E65-4833-8F61-558729446677}
		{C6B388F8-7AF8-4BA0-904A-4A3DF8058437} = {EABC719F-11C9-4E11-B960-C155D2A88D4F}
	EndGlobalSection
	GlobalSection(ExtensibilityGlobals) = postSolution
		SolutionGuid = {71D04DDA-90E7-4E84-89CC-0C5B823B4A05}
	EndGlobalSection
EndGlobal
