
Microsoft Visual Studio Solution File, Format Version 12.00
# Visual Studio 15
VisualStudioVersion = 15.0.28307.489
MinimumVisualStudioVersion = 10.0.40219.1
Project("{2150E333-8FDC-42A3-9474-1A3956D46DE8}") = "src", "src", "{EFA86EF5-C5C2-49BA-8065-5E87A1B8990F}"
EndProject
Project("{2150E333-8FDC-42A3-9474-1A3956D46DE8}") = "test", "test", "{8A8A0FF1-2069-4110-84C6-D06EF89E7B93}"
EndProject
Project("{2150E333-8FDC-42A3-9474-1A3956D46DE8}") = "Services", "Services", "{F7B78496-BC54-4C11-B153-DB0606A5BCA2}"
EndProject
Project("{2150E333-8FDC-42A3-9474-1A3956D46DE8}") = "Web Apps", "Web Apps", "{159B9068-C599-421D-B647-BDA4521EFBD7}"
EndProject
Project("{FAE04EC0-301F-11D3-BF4B-00C04F79EFBC}") = "Equipment.Domain", "Equipment.Domain\Equipment.Domain.csproj", "{8406B595-C935-4A5F-A0E2-4CCE08916EB0}"
EndProject
Global
	GlobalSection(SolutionConfigurationPlatforms) = preSolution
		Debug|Any CPU = Debug|Any CPU
		Release|Any CPU = Release|Any CPU
	EndGlobalSection
	GlobalSection(ProjectConfigurationPlatforms) = postSolution
		{8406B595-C935-4A5F-A0E2-4CCE08916EB0}.Debug|Any CPU.ActiveCfg = Debug|Any CPU
		{8406B595-C935-4A5F-A0E2-4CCE08916EB0}.Debug|Any CPU.Build.0 = Debug|Any CPU
		{8406B595-C935-4A5F-A0E2-4CCE08916EB0}.Release|Any CPU.ActiveCfg = Release|Any CPU
		{8406B595-C935-4A5F-A0E2-4CCE08916EB0}.Release|Any CPU.Build.0 = Release|Any CPU
	EndGlobalSection
	GlobalSection(SolutionProperties) = preSolution
		HideSolutionNode = FALSE
	EndGlobalSection
	GlobalSection(NestedProjects) = preSolution
		{F7B78496-BC54-4C11-B153-DB0606A5BCA2} = {EFA86EF5-C5C2-49BA-8065-5E87A1B8990F}
		{159B9068-C599-421D-B647-BDA4521EFBD7} = {EFA86EF5-C5C2-49BA-8065-5E87A1B8990F}
		{8406B595-C935-4A5F-A0E2-4CCE08916EB0} = {F7B78496-BC54-4C11-B153-DB0606A5BCA2}
	EndGlobalSection
	GlobalSection(ExtensibilityGlobals) = postSolution
		SolutionGuid = {71D04DDA-90E7-4E84-89CC-0C5B823B4A05}
	EndGlobalSection
EndGlobal
